{
  "requires": true,
  "lockfileVersion": 1,
  "dependencies": {
    "rails-ujs": {
      "version": "5.1.5",
      "resolved": "https://registry.npmjs.org/rails-ujs/-/rails-ujs-5.1.5.tgz",
      "integrity": "sha512-dUirYSkX2ckBMUZf1OJPifaEB6ZsgoftTyEJuTb6NByrQVXuCGS+HpHEOmDXhD3KM3OQmTxLwES4g3tBq4pSwQ=="
    }
  }
}
